
Microsoft Visual Studio Solution File, Format Version 12.00
# Visual Studio Version 17
VisualStudioVersion = 17.0.32112.339
MinimumVisualStudioVersion = 10.0.40219.1
Project("{FAE04EC0-301F-11D3-BF4B-00C04F79EFBC}") = "CorsoAspCore", "CorsoAspCore\CorsoAspCore.csproj", "{AB2973AB-AACB-4B2F-9422-9392EC22E4B9}"
EndProject
Global
	GlobalSection(SolutionConfigurationPlatforms) = preSolution
		Debug|Any CPU = Debug|Any CPU
		Release|Any CPU = Release|Any CPU
	EndGlobalSection
	GlobalSection(ProjectConfigurationPlatforms) = postSolution
		{AB2973AB-AACB-4B2F-9422-9392EC22E4B9}.Debug|Any CPU.ActiveCfg = Debug|Any CPU
		{AB2973AB-AACB-4B2F-9422-9392EC22E4B9}.Debug|Any CPU.Build.0 = Debug|Any CPU
		{AB2973AB-AACB-4B2F-9422-9392EC22E4B9}.Release|Any CPU.ActiveCfg = Release|Any CPU
		{AB2973AB-AACB-4B2F-9422-9392EC22E4B9}.Release|Any CPU.Build.0 = Release|Any CPU
	EndGlobalSection
	GlobalSection(SolutionProperties) = preSolution
		HideSolutionNode = FALSE
	EndGlobalSection
	GlobalSection(ExtensibilityGlobals) = postSolution
		SolutionGuid = {4CDA3B9E-5AF9-4B3F-A1D5-90552DBE6043}
	EndGlobalSection
EndGlobal
